
Microsoft Visual Studio Solution File, Format Version 12.00
# Visual Studio Version 17
VisualStudioVersion = 17.13.35828.75 d17.13
MinimumVisualStudioVersion = 10.0.40219.1
Project("{FAE04EC0-301F-11D3-BF4B-00C04F79EFBC}") = "ItemChanger", "ItemChanger.csproj", "{53E6BB8F-7F34-4132-87C2-D174DB35B041}"
EndProject
Global
	GlobalSection(SolutionConfigurationPlatforms) = preSolution
		Debug|Any CPU = Debug|Any CPU
		Release|Any CPU = Release|Any CPU
	EndGlobalSection
	GlobalSection(ProjectConfigurationPlatforms) = postSolution
		{53E6BB8F-7F34-4132-87C2-D174DB35B041}.Debug|Any CPU.ActiveCfg = Debug|Any CPU
		{53E6BB8F-7F34-4132-87C2-D174DB35B041}.Debug|Any CPU.Build.0 = Debug|Any CPU
		{53E6BB8F-7F34-4132-87C2-D174DB35B041}.Release|Any CPU.ActiveCfg = Release|Any CPU
		{53E6BB8F-7F34-4132-87C2-D174DB35B041}.Release|Any CPU.Build.0 = Release|Any CPU
	EndGlobalSection
	GlobalSection(SolutionProperties) = preSolution
		HideSolutionNode = FALSE
	EndGlobalSection
	GlobalSection(ExtensibilityGlobals) = postSolution
		SolutionGuid = {B9894B5D-9D03-4039-AA58-51BDA50C30C9}
	EndGlobalSection
EndGlobal
